// !$*UTF8*$!
{
	archiveVersion = 1;
	classes = {
	};
	objectVersion = 63;
	objects = {

/* Begin PBXBuildFile section */
		8B09F4A22CADCCFC00964EE2 /* User.swift in Sources */ = {isa = PBXBuildFile; fileRef = 8B09F4A12CADCCFC00964EE2 /* User.swift */; };
		8B30D73D2CA4A0FD0020CF69 /* StorageService.docc in Sources */ = {isa = PBXBuildFile; fileRef = 8B30D73C2CA4A0FD0020CF69 /* StorageService.docc */; };
		8B30D7432CA4A0FD0020CF69 /* StorageService.framework in Frameworks */ = {isa = PBXBuildFile; fileRef = 8B30D7392CA4A0FD0020CF69 /* StorageService.framework */; };
		8B30D74A2CA4A0FD0020CF69 /* StorageServiceTests.swift in Sources */ = {isa = PBXBuildFile; fileRef = 8B30D7492CA4A0FD0020CF69 /* StorageServiceTests.swift */; };
		8B30D74B2CA4A0FD0020CF69 /* StorageService.h in Headers */ = {isa = PBXBuildFile; fileRef = 8B30D73B2CA4A0FD0020CF69 /* StorageService.h */; settings = {ATTRIBUTES = (Public, ); }; };
		8B30D74E2CA4A0FD0020CF69 /* StorageService.framework in Frameworks */ = {isa = PBXBuildFile; fileRef = 8B30D7392CA4A0FD0020CF69 /* StorageService.framework */; };
		8B30D74F2CA4A0FD0020CF69 /* StorageService.framework in Embed Frameworks */ = {isa = PBXBuildFile; fileRef = 8B30D7392CA4A0FD0020CF69 /* StorageService.framework */; settings = {ATTRIBUTES = (CodeSignOnCopy, RemoveHeadersOnCopy, ); }; };
		8B3516562C8EEDDA00B5B334 /* PhotosTableViewCell.swift in Sources */ = {isa = PBXBuildFile; fileRef = 8B3516552C8EEDDA00B5B334 /* PhotosTableViewCell.swift */; };
		8B3516582C8EEFDD00B5B334 /* PhotosViewController.swift in Sources */ = {isa = PBXBuildFile; fileRef = 8B3516572C8EEFDD00B5B334 /* PhotosViewController.swift */; };
		8B35165A2C8EF07E00B5B334 /* PhotosCollectionViewCell.swift in Sources */ = {isa = PBXBuildFile; fileRef = 8B3516592C8EF07E00B5B334 /* PhotosCollectionViewCell.swift */; };
		8B35165C2C8EF11800B5B334 /* Photo.swift in Sources */ = {isa = PBXBuildFile; fileRef = 8B35165B2C8EF11800B5B334 /* Photo.swift */; };
		8B74D0AE2CA4B055006024EB /* VKPost.swift in Sources */ = {isa = PBXBuildFile; fileRef = 8BAF71302C7CF56600648AEC /* VKPost.swift */; };
		8B782FF12C8765A400999EA9 /* UITableView + Extensions.swift in Sources */ = {isa = PBXBuildFile; fileRef = 8B782FF02C8765A400999EA9 /* UITableView + Extensions.swift */; };
		8B811B832C691AAA00F6E398 /* AppDelegate.swift in Sources */ = {isa = PBXBuildFile; fileRef = 8B811B822C691AAA00F6E398 /* AppDelegate.swift */; };
		8B811B852C691AAA00F6E398 /* SceneDelegate.swift in Sources */ = {isa = PBXBuildFile; fileRef = 8B811B842C691AAA00F6E398 /* SceneDelegate.swift */; };
		8B811B872C691AAA00F6E398 /* ViewController.swift in Sources */ = {isa = PBXBuildFile; fileRef = 8B811B862C691AAA00F6E398 /* ViewController.swift */; };
		8B811B8C2C691AAB00F6E398 /* Assets.xcassets in Resources */ = {isa = PBXBuildFile; fileRef = 8B811B8B2C691AAB00F6E398 /* Assets.xcassets */; };
		8B811B8F2C691AAB00F6E398 /* Base in Resources */ = {isa = PBXBuildFile; fileRef = 8B811B8E2C691AAB00F6E398 /* Base */; };
		8B811B972C691D3300F6E398 /* .gitignore in Resources */ = {isa = PBXBuildFile; fileRef = 8B811B962C691D3300F6E398 /* .gitignore */; };
		8B811B992C6921D700F6E398 /* FeedViewController.swift in Sources */ = {isa = PBXBuildFile; fileRef = 8B811B982C6921D700F6E398 /* FeedViewController.swift */; };
		8B811B9B2C6921F100F6E398 /* ProfileViewController.swift in Sources */ = {isa = PBXBuildFile; fileRef = 8B811B9A2C6921F100F6E398 /* ProfileViewController.swift */; };
		8B811B9D2C69255F00F6E398 /* PostViewController.swift in Sources */ = {isa = PBXBuildFile; fileRef = 8B811B9C2C69255F00F6E398 /* PostViewController.swift */; };
		8B811B9F2C69258E00F6E398 /* InfoViewController.swift in Sources */ = {isa = PBXBuildFile; fileRef = 8B811B9E2C69258E00F6E398 /* InfoViewController.swift */; };
		8BAC3A222C77A5FB00502E12 /* LogInViewController.swift in Sources */ = {isa = PBXBuildFile; fileRef = 8BAC3A212C77A5FB00502E12 /* LogInViewController.swift */; };
		8BAF71332C7CFFBC00648AEC /* PostTableViewCell.swift in Sources */ = {isa = PBXBuildFile; fileRef = 8BAF71322C7CFFBC00648AEC /* PostTableViewCell.swift */; };
		8BAF71372C7E348400648AEC /* ProfileTableHeaderView.swift in Sources */ = {isa = PBXBuildFile; fileRef = 8BAF71362C7E348400648AEC /* ProfileTableHeaderView.swift */; };
		8BCB9ADA2C6A8DDB0021F2E4 /* ProfileHeaderView.swift in Sources */ = {isa = PBXBuildFile; fileRef = 8BCB9AD92C6A8DDB0021F2E4 /* ProfileHeaderView.swift */; };
/* End PBXBuildFile section */

/* Begin PBXContainerItemProxy section */
		8B30D7442CA4A0FD0020CF69 /* PBXContainerItemProxy */ = {
			isa = PBXContainerItemProxy;
			containerPortal = 8B811B772C691AAA00F6E398 /* Project object */;
			proxyType = 1;
			remoteGlobalIDString = 8B30D7382CA4A0FD0020CF69;
			remoteInfo = StorageService;
		};
		8B30D7462CA4A0FD0020CF69 /* PBXContainerItemProxy */ = {
			isa = PBXContainerItemProxy;
			containerPortal = 8B811B772C691AAA00F6E398 /* Project object */;
			proxyType = 1;
			remoteGlobalIDString = 8B811B7E2C691AAA00F6E398;
			remoteInfo = Navigation;
		};
		8B30D74C2CA4A0FD0020CF69 /* PBXContainerItemProxy */ = {
			isa = PBXContainerItemProxy;
			containerPortal = 8B811B772C691AAA00F6E398 /* Project object */;
			proxyType = 1;
			remoteGlobalIDString = 8B30D7382CA4A0FD0020CF69;
			remoteInfo = StorageService;
		};
/* End PBXContainerItemProxy section */

/* Begin PBXCopyFilesBuildPhase section */
		8B30D7502CA4A0FD0020CF69 /* Embed Frameworks */ = {
			isa = PBXCopyFilesBuildPhase;
			buildActionMask = 2147483647;
			dstPath = "";
			dstSubfolderSpec = 10;
			files = (
				8B30D74F2CA4A0FD0020CF69 /* StorageService.framework in Embed Frameworks */,
			);
			name = "Embed Frameworks";
			runOnlyForDeploymentPostprocessing = 0;
		};
/* End PBXCopyFilesBuildPhase section */

/* Begin PBXFileReference section */
		8B09F4A12CADCCFC00964EE2 /* User.swift */ = {isa = PBXFileReference; lastKnownFileType = sourcecode.swift; path = User.swift; sourceTree = "<group>"; };
		8B30D7392CA4A0FD0020CF69 /* StorageService.framework */ = {isa = PBXFileReference; explicitFileType = wrapper.framework; includeInIndex = 0; path = StorageService.framework; sourceTree = BUILT_PRODUCTS_DIR; };
		8B30D73B2CA4A0FD0020CF69 /* StorageService.h */ = {isa = PBXFileReference; lastKnownFileType = sourcecode.c.h; path = StorageService.h; sourceTree = "<group>"; };
		8B30D73C2CA4A0FD0020CF69 /* StorageService.docc */ = {isa = PBXFileReference; lastKnownFileType = folder.documentationcatalog; path = StorageService.docc; sourceTree = "<group>"; };
		8B30D7422CA4A0FD0020CF69 /* StorageServiceTests.xctest */ = {isa = PBXFileReference; explicitFileType = wrapper.cfbundle; includeInIndex = 0; path = StorageServiceTests.xctest; sourceTree = BUILT_PRODUCTS_DIR; };
		8B30D7492CA4A0FD0020CF69 /* StorageServiceTests.swift */ = {isa = PBXFileReference; lastKnownFileType = sourcecode.swift; path = StorageServiceTests.swift; sourceTree = "<group>"; };
		8B3516552C8EEDDA00B5B334 /* PhotosTableViewCell.swift */ = {isa = PBXFileReference; lastKnownFileType = sourcecode.swift; path = PhotosTableViewCell.swift; sourceTree = "<group>"; };
		8B3516572C8EEFDD00B5B334 /* PhotosViewController.swift */ = {isa = PBXFileReference; lastKnownFileType = sourcecode.swift; path = PhotosViewController.swift; sourceTree = "<group>"; };
		8B3516592C8EF07E00B5B334 /* PhotosCollectionViewCell.swift */ = {isa = PBXFileReference; lastKnownFileType = sourcecode.swift; path = PhotosCollectionViewCell.swift; sourceTree = "<group>"; };
		8B35165B2C8EF11800B5B334 /* Photo.swift */ = {isa = PBXFileReference; lastKnownFileType = sourcecode.swift; path = Photo.swift; sourceTree = "<group>"; };
		8B782FF02C8765A400999EA9 /* UITableView + Extensions.swift */ = {isa = PBXFileReference; lastKnownFileType = sourcecode.swift; path = "UITableView + Extensions.swift"; sourceTree = "<group>"; };
		8B811B7F2C691AAA00F6E398 /* Navigation.app */ = {isa = PBXFileReference; explicitFileType = wrapper.application; includeInIndex = 0; path = Navigation.app; sourceTree = BUILT_PRODUCTS_DIR; };
		8B811B822C691AAA00F6E398 /* AppDelegate.swift */ = {isa = PBXFileReference; lastKnownFileType = sourcecode.swift; path = AppDelegate.swift; sourceTree = "<group>"; };
		8B811B842C691AAA00F6E398 /* SceneDelegate.swift */ = {isa = PBXFileReference; lastKnownFileType = sourcecode.swift; path = SceneDelegate.swift; sourceTree = "<group>"; };
		8B811B862C691AAA00F6E398 /* ViewController.swift */ = {isa = PBXFileReference; lastKnownFileType = sourcecode.swift; path = ViewController.swift; sourceTree = "<group>"; };
		8B811B8B2C691AAB00F6E398 /* Assets.xcassets */ = {isa = PBXFileReference; lastKnownFileType = folder.assetcatalog; path = Assets.xcassets; sourceTree = "<group>"; };
		8B811B8E2C691AAB00F6E398 /* Base */ = {isa = PBXFileReference; lastKnownFileType = file.storyboard; name = Base; path = Base.lproj/LaunchScreen.storyboard; sourceTree = "<group>"; };
		8B811B902C691AAB00F6E398 /* Info.plist */ = {isa = PBXFileReference; lastKnownFileType = text.plist.xml; path = Info.plist; sourceTree = "<group>"; };
		8B811B962C691D3300F6E398 /* .gitignore */ = {isa = PBXFileReference; lastKnownFileType = text; path = .gitignore; sourceTree = "<group>"; };
		8B811B982C6921D700F6E398 /* FeedViewController.swift */ = {isa = PBXFileReference; lastKnownFileType = sourcecode.swift; path = FeedViewController.swift; sourceTree = "<group>"; };
		8B811B9A2C6921F100F6E398 /* ProfileViewController.swift */ = {isa = PBXFileReference; lastKnownFileType = sourcecode.swift; path = ProfileViewController.swift; sourceTree = "<group>"; };
		8B811B9C2C69255F00F6E398 /* PostViewController.swift */ = {isa = PBXFileReference; lastKnownFileType = sourcecode.swift; path = PostViewController.swift; sourceTree = "<group>"; };
		8B811B9E2C69258E00F6E398 /* InfoViewController.swift */ = {isa = PBXFileReference; lastKnownFileType = sourcecode.swift; path = InfoViewController.swift; sourceTree = "<group>"; };
		8BAC3A212C77A5FB00502E12 /* LogInViewController.swift */ = {isa = PBXFileReference; lastKnownFileType = sourcecode.swift; path = LogInViewController.swift; sourceTree = "<group>"; };
		8BAF71302C7CF56600648AEC /* VKPost.swift */ = {isa = PBXFileReference; lastKnownFileType = sourcecode.swift; path = VKPost.swift; sourceTree = "<group>"; };
		8BAF71322C7CFFBC00648AEC /* PostTableViewCell.swift */ = {isa = PBXFileReference; lastKnownFileType = sourcecode.swift; path = PostTableViewCell.swift; sourceTree = "<group>"; };
		8BAF71362C7E348400648AEC /* ProfileTableHeaderView.swift */ = {isa = PBXFileReference; lastKnownFileType = sourcecode.swift; path = ProfileTableHeaderView.swift; sourceTree = "<group>"; };
		8BCB9AD92C6A8DDB0021F2E4 /* ProfileHeaderView.swift */ = {isa = PBXFileReference; lastKnownFileType = sourcecode.swift; path = ProfileHeaderView.swift; sourceTree = "<group>"; };
/* End PBXFileReference section */

/* Begin PBXFrameworksBuildPhase section */
		8B30D7362CA4A0FD0020CF69 /* Frameworks */ = {
			isa = PBXFrameworksBuildPhase;
			buildActionMask = 2147483647;
			files = (
			);
			runOnlyForDeploymentPostprocessing = 0;
		};
		8B30D73F2CA4A0FD0020CF69 /* Frameworks */ = {
			isa = PBXFrameworksBuildPhase;
			buildActionMask = 2147483647;
			files = (
				8B30D7432CA4A0FD0020CF69 /* StorageService.framework in Frameworks */,
			);
			runOnlyForDeploymentPostprocessing = 0;
		};
		8B811B7C2C691AAA00F6E398 /* Frameworks */ = {
			isa = PBXFrameworksBuildPhase;
			buildActionMask = 2147483647;
			files = (
				8B30D74E2CA4A0FD0020CF69 /* StorageService.framework in Frameworks */,
			);
			runOnlyForDeploymentPostprocessing = 0;
		};
/* End PBXFrameworksBuildPhase section */

/* Begin PBXGroup section */
		8B30D73A2CA4A0FD0020CF69 /* StorageService */ = {
			isa = PBXGroup;
			children = (
				8B30D73B2CA4A0FD0020CF69 /* StorageService.h */,
				8B30D73C2CA4A0FD0020CF69 /* StorageService.docc */,
			);
			path = StorageService;
			sourceTree = "<group>";
		};
		8B30D7482CA4A0FD0020CF69 /* StorageServiceTests */ = {
			isa = PBXGroup;
			children = (
				8B30D7492CA4A0FD0020CF69 /* StorageServiceTests.swift */,
			);
			path = StorageServiceTests;
			sourceTree = "<group>";
		};
		8B811B762C691AAA00F6E398 = {
			isa = PBXGroup;
			children = (
				8B811B812C691AAA00F6E398 /* Navigation */,
				8B30D73A2CA4A0FD0020CF69 /* StorageService */,
				8B30D7482CA4A0FD0020CF69 /* StorageServiceTests */,
				8B811B802C691AAA00F6E398 /* Products */,
			);
			sourceTree = "<group>";
		};
		8B811B802C691AAA00F6E398 /* Products */ = {
			isa = PBXGroup;
			children = (
				8B811B7F2C691AAA00F6E398 /* Navigation.app */,
				8B30D7392CA4A0FD0020CF69 /* StorageService.framework */,
				8B30D7422CA4A0FD0020CF69 /* StorageServiceTests.xctest */,
			);
			name = Products;
			sourceTree = "<group>";
		};
		8B811B812C691AAA00F6E398 /* Navigation */ = {
			isa = PBXGroup;
			children = (
				8B811B822C691AAA00F6E398 /* AppDelegate.swift */,
				8B811B842C691AAA00F6E398 /* SceneDelegate.swift */,
				8B811B862C691AAA00F6E398 /* ViewController.swift */,
				8B811B8B2C691AAB00F6E398 /* Assets.xcassets */,
				8B811B8D2C691AAB00F6E398 /* LaunchScreen.storyboard */,
				8B811B902C691AAB00F6E398 /* Info.plist */,
				8B811B962C691D3300F6E398 /* .gitignore */,
				8B811B982C6921D700F6E398 /* FeedViewController.swift */,
				8B811B9C2C69255F00F6E398 /* PostViewController.swift */,
				8B811B9E2C69258E00F6E398 /* InfoViewController.swift */,
				8BCB9AD82C6A8DAD0021F2E4 /* Profile */,
			);
			path = Navigation;
			sourceTree = "<group>";
		};
		8BCB9AD82C6A8DAD0021F2E4 /* Profile */ = {
			isa = PBXGroup;
			children = (
				8B811B9A2C6921F100F6E398 /* ProfileViewController.swift */,
				8B35165B2C8EF11800B5B334 /* Photo.swift */,
				8BCB9AD92C6A8DDB0021F2E4 /* ProfileHeaderView.swift */,
				8BAC3A212C77A5FB00502E12 /* LogInViewController.swift */,
				8BAF71322C7CFFBC00648AEC /* PostTableViewCell.swift */,
				8BAF71302C7CF56600648AEC /* VKPost.swift */,
				8BAF71362C7E348400648AEC /* ProfileTableHeaderView.swift */,
				8B782FF02C8765A400999EA9 /* UITableView + Extensions.swift */,
				8B3516552C8EEDDA00B5B334 /* PhotosTableViewCell.swift */,
				8B3516572C8EEFDD00B5B334 /* PhotosViewController.swift */,
				8B3516592C8EF07E00B5B334 /* PhotosCollectionViewCell.swift */,
				8B09F4A12CADCCFC00964EE2 /* User.swift */,
			);
			path = Profile;
			sourceTree = "<group>";
		};
/* End PBXGroup section */

/* Begin PBXHeadersBuildPhase section */
		8B30D7342CA4A0FD0020CF69 /* Headers */ = {
			isa = PBXHeadersBuildPhase;
			buildActionMask = 2147483647;
			files = (
				8B30D74B2CA4A0FD0020CF69 /* StorageService.h in Headers */,
			);
			runOnlyForDeploymentPostprocessing = 0;
		};
/* End PBXHeadersBuildPhase section */

/* Begin PBXNativeTarget section */
		8B30D7382CA4A0FD0020CF69 /* StorageService */ = {
			isa = PBXNativeTarget;
			buildConfigurationList = 8B30D7552CA4A0FD0020CF69 /* Build configuration list for PBXNativeTarget "StorageService" */;
			buildPhases = (
				8B30D7342CA4A0FD0020CF69 /* Headers */,
				8B30D7352CA4A0FD0020CF69 /* Sources */,
				8B30D7362CA4A0FD0020CF69 /* Frameworks */,
				8B30D7372CA4A0FD0020CF69 /* Resources */,
			);
			buildRules = (
			);
			dependencies = (
			);
			name = StorageService;
			productName = StorageService;
			productReference = 8B30D7392CA4A0FD0020CF69 /* StorageService.framework */;
			productType = "com.apple.product-type.framework";
		};
		8B30D7412CA4A0FD0020CF69 /* StorageServiceTests */ = {
			isa = PBXNativeTarget;
			buildConfigurationList = 8B30D7562CA4A0FD0020CF69 /* Build configuration list for PBXNativeTarget "StorageServiceTests" */;
			buildPhases = (
				8B30D73E2CA4A0FD0020CF69 /* Sources */,
				8B30D73F2CA4A0FD0020CF69 /* Frameworks */,
				8B30D7402CA4A0FD0020CF69 /* Resources */,
			);
			buildRules = (
			);
			dependencies = (
				8B30D7452CA4A0FD0020CF69 /* PBXTargetDependency */,
				8B30D7472CA4A0FD0020CF69 /* PBXTargetDependency */,
			);
			name = StorageServiceTests;
			productName = StorageServiceTests;
			productReference = 8B30D7422CA4A0FD0020CF69 /* StorageServiceTests.xctest */;
			productType = "com.apple.product-type.bundle.unit-test";
		};
		8B811B7E2C691AAA00F6E398 /* Navigation */ = {
			isa = PBXNativeTarget;
			buildConfigurationList = 8B811B932C691AAB00F6E398 /* Build configuration list for PBXNativeTarget "Navigation" */;
			buildPhases = (
				8B811B7B2C691AAA00F6E398 /* Sources */,
				8B811B7C2C691AAA00F6E398 /* Frameworks */,
				8B811B7D2C691AAA00F6E398 /* Resources */,
				8B30D7502CA4A0FD0020CF69 /* Embed Frameworks */,
			);
			buildRules = (
			);
			dependencies = (
				8B30D74D2CA4A0FD0020CF69 /* PBXTargetDependency */,
			);
			name = Navigation;
			productName = Navigation;
			productReference = 8B811B7F2C691AAA00F6E398 /* Navigation.app */;
			productType = "com.apple.product-type.application";
		};
/* End PBXNativeTarget section */

/* Begin PBXProject section */
		8B811B772C691AAA00F6E398 /* Project object */ = {
			isa = PBXProject;
			attributes = {
				BuildIndependentTargetsInParallel = 1;
				LastSwiftUpdateCheck = 1540;
				LastUpgradeCheck = 1540;
				TargetAttributes = {
					8B30D7382CA4A0FD0020CF69 = {
						CreatedOnToolsVersion = 15.4;
					};
					8B30D7412CA4A0FD0020CF69 = {
						CreatedOnToolsVersion = 15.4;
						TestTargetID = 8B811B7E2C691AAA00F6E398;
					};
					8B811B7E2C691AAA00F6E398 = {
						CreatedOnToolsVersion = 15.4;
					};
				};
			};
			buildConfigurationList = 8B811B7A2C691AAA00F6E398 /* Build configuration list for PBXProject "Navigation" */;
			compatibilityVersion = "Xcode 15.3";
			developmentRegion = en;
			hasScannedForEncodings = 0;
			knownRegions = (
				en,
				Base,
			);
			mainGroup = 8B811B762C691AAA00F6E398;
			productRefGroup = 8B811B802C691AAA00F6E398 /* Products */;
			projectDirPath = "";
			projectRoot = "";
			targets = (
				8B811B7E2C691AAA00F6E398 /* Navigation */,
				8B30D7382CA4A0FD0020CF69 /* StorageService */,
				8B30D7412CA4A0FD0020CF69 /* StorageServiceTests */,
			);
		};
/* End PBXProject section */

/* Begin PBXResourcesBuildPhase section */
		8B30D7372CA4A0FD0020CF69 /* Resources */ = {
			isa = PBXResourcesBuildPhase;
			buildActionMask = 2147483647;
			files = (
			);
			runOnlyForDeploymentPostprocessing = 0;
		};
		8B30D7402CA4A0FD0020CF69 /* Resources */ = {
			isa = PBXResourcesBuildPhase;
			buildActionMask = 2147483647;
			files = (
			);
			runOnlyForDeploymentPostprocessing = 0;
		};
		8B811B7D2C691AAA00F6E398 /* Resources */ = {
			isa = PBXResourcesBuildPhase;
			buildActionMask = 2147483647;
			files = (
				8B811B8C2C691AAB00F6E398 /* Assets.xcassets in Resources */,
				8B811B972C691D3300F6E398 /* .gitignore in Resources */,
				8B811B8F2C691AAB00F6E398 /* Base in Resources */,
			);
			runOnlyForDeploymentPostprocessing = 0;
		};
/* End PBXResourcesBuildPhase section */

/* Begin PBXSourcesBuildPhase section */
		8B30D7352CA4A0FD0020CF69 /* Sources */ = {
			isa = PBXSourcesBuildPhase;
			buildActionMask = 2147483647;
			files = (
				8B74D0AE2CA4B055006024EB /* VKPost.swift in Sources */,
				8B30D73D2CA4A0FD0020CF69 /* StorageService.docc in Sources */,
			);
			runOnlyForDeploymentPostprocessing = 0;
		};
		8B30D73E2CA4A0FD0020CF69 /* Sources */ = {
			isa = PBXSourcesBuildPhase;
			buildActionMask = 2147483647;
			files = (
				8B30D74A2CA4A0FD0020CF69 /* StorageServiceTests.swift in Sources */,
			);
			runOnlyForDeploymentPostprocessing = 0;
		};
		8B811B7B2C691AAA00F6E398 /* Sources */ = {
			isa = PBXSourcesBuildPhase;
			buildActionMask = 2147483647;
			files = (
				8B811B9D2C69255F00F6E398 /* PostViewController.swift in Sources */,
				8BAF71372C7E348400648AEC /* ProfileTableHeaderView.swift in Sources */,
				8B811B872C691AAA00F6E398 /* ViewController.swift in Sources */,
				8BAC3A222C77A5FB00502E12 /* LogInViewController.swift in Sources */,
				8B811B832C691AAA00F6E398 /* AppDelegate.swift in Sources */,
				8B811B9F2C69258E00F6E398 /* InfoViewController.swift in Sources */,
				8B811B9B2C6921F100F6E398 /* ProfileViewController.swift in Sources */,
				8B09F4A22CADCCFC00964EE2 /* User.swift in Sources */,
				8B3516562C8EEDDA00B5B334 /* PhotosTableViewCell.swift in Sources */,
				8B3516582C8EEFDD00B5B334 /* PhotosViewController.swift in Sources */,
				8B35165C2C8EF11800B5B334 /* Photo.swift in Sources */,
				8B782FF12C8765A400999EA9 /* UITableView + Extensions.swift in Sources */,
				8B811B992C6921D700F6E398 /* FeedViewController.swift in Sources */,
				8B811B852C691AAA00F6E398 /* SceneDelegate.swift in Sources */,
				8B35165A2C8EF07E00B5B334 /* PhotosCollectionViewCell.swift in Sources */,
				8BCB9ADA2C6A8DDB0021F2E4 /* ProfileHeaderView.swift in Sources */,
				8BAF71332C7CFFBC00648AEC /* PostTableViewCell.swift in Sources */,
			);
			runOnlyForDeploymentPostprocessing = 0;
		};
/* End PBXSourcesBuildPhase section */

/* Begin PBXTargetDependency section */
		8B30D7452CA4A0FD0020CF69 /* PBXTargetDependency */ = {
			isa = PBXTargetDependency;
			target = 8B30D7382CA4A0FD0020CF69 /* StorageService */;
			targetProxy = 8B30D7442CA4A0FD0020CF69 /* PBXContainerItemProxy */;
		};
		8B30D7472CA4A0FD0020CF69 /* PBXTargetDependency */ = {
			isa = PBXTargetDependency;
			target = 8B811B7E2C691AAA00F6E398 /* Navigation */;
			targetProxy = 8B30D7462CA4A0FD0020CF69 /* PBXContainerItemProxy */;
		};
		8B30D74D2CA4A0FD0020CF69 /* PBXTargetDependency */ = {
			isa = PBXTargetDependency;
			target = 8B30D7382CA4A0FD0020CF69 /* StorageService */;
			targetProxy = 8B30D74C2CA4A0FD0020CF69 /* PBXContainerItemProxy */;
		};
/* End PBXTargetDependency section */

/* Begin PBXVariantGroup section */
		8B811B8D2C691AAB00F6E398 /* LaunchScreen.storyboard */ = {
			isa = PBXVariantGroup;
			children = (
				8B811B8E2C691AAB00F6E398 /* Base */,
			);
			name = LaunchScreen.storyboard;
			sourceTree = "<group>";
		};
/* End PBXVariantGroup section */

/* Begin XCBuildConfiguration section */
		8B30D7512CA4A0FD0020CF69 /* Debug */ = {
			isa = XCBuildConfiguration;
			buildSettings = {
				BUILD_LIBRARY_FOR_DISTRIBUTION = YES;
				CODE_SIGN_STYLE = Automatic;
				CURRENT_PROJECT_VERSION = 1;
				DEFINES_MODULE = YES;
				DYLIB_COMPATIBILITY_VERSION = 1;
				DYLIB_CURRENT_VERSION = 1;
				DYLIB_INSTALL_NAME_BASE = "@rpath";
				ENABLE_MODULE_VERIFIER = YES;
				GENERATE_INFOPLIST_FILE = YES;
				INFOPLIST_KEY_NSHumanReadableCopyright = "";
				INSTALL_PATH = "$(LOCAL_LIBRARY_DIR)/Frameworks";
				LD_RUNPATH_SEARCH_PATHS = (
					"$(inherited)",
					"@executable_path/Frameworks",
					"@loader_path/Frameworks",
				);
				MARKETING_VERSION = 1.0;
				MODULE_VERIFIER_SUPPORTED_LANGUAGES = "objective-c objective-c++";
				MODULE_VERIFIER_SUPPORTED_LANGUAGE_STANDARDS = "gnu17 gnu++20";
				PRODUCT_BUNDLE_IDENTIFIER = com.os.StorageService;
				PRODUCT_NAME = "$(TARGET_NAME:c99extidentifier)";
				SKIP_INSTALL = YES;
				SWIFT_EMIT_LOC_STRINGS = YES;
				SWIFT_INSTALL_OBJC_HEADER = NO;
				SWIFT_VERSION = 5.0;
				TARGETED_DEVICE_FAMILY = "1,2";
				VERSIONING_SYSTEM = "apple-generic";
				VERSION_INFO_PREFIX = "";
			};
			name = Debug;
		};
		8B30D7522CA4A0FD0020CF69 /* Release */ = {
			isa = XCBuildConfiguration;
			buildSettings = {
				BUILD_LIBRARY_FOR_DISTRIBUTION = YES;
				CODE_SIGN_STYLE = Automatic;
				CURRENT_PROJECT_VERSION = 1;
				DEFINES_MODULE = YES;
				DYLIB_COMPATIBILITY_VERSION = 1;
				DYLIB_CURRENT_VERSION = 1;
				DYLIB_INSTALL_NAME_BASE = "@rpath";
				ENABLE_MODULE_VERIFIER = YES;
				GENERATE_INFOPLIST_FILE = YES;
				INFOPLIST_KEY_NSHumanReadableCopyright = "";
				INSTALL_PATH = "$(LOCAL_LIBRARY_DIR)/Frameworks";
				LD_RUNPATH_SEARCH_PATHS = (
					"$(inherited)",
					"@executable_path/Frameworks",
					"@loader_path/Frameworks",
				);
				MARKETING_VERSION = 1.0;
				MODULE_VERIFIER_SUPPORTED_LANGUAGES = "objective-c objective-c++";
				MODULE_VERIFIER_SUPPORTED_LANGUAGE_STANDARDS = "gnu17 gnu++20";
				PRODUCT_BUNDLE_IDENTIFIER = com.os.StorageService;
				PRODUCT_NAME = "$(TARGET_NAME:c99extidentifier)";
				SKIP_INSTALL = YES;
				SWIFT_EMIT_LOC_STRINGS = YES;
				SWIFT_INSTALL_OBJC_HEADER = NO;
				SWIFT_VERSION = 5.0;
				TARGETED_DEVICE_FAMILY = "1,2";
				VERSIONING_SYSTEM = "apple-generic";
				VERSION_INFO_PREFIX = "";
			};
			name = Release;
		};
		8B30D7532CA4A0FD0020CF69 /* Debug */ = {
			isa = XCBuildConfiguration;
			buildSettings = {
				ALWAYS_EMBED_SWIFT_STANDARD_LIBRARIES = YES;
				CODE_SIGN_STYLE = Automatic;
				CURRENT_PROJECT_VERSION = 1;
				GENERATE_INFOPLIST_FILE = YES;
				MARKETING_VERSION = 1.0;
				PRODUCT_BUNDLE_IDENTIFIER = com.os.StorageServiceTests;
				PRODUCT_NAME = "$(TARGET_NAME)";
				SWIFT_EMIT_LOC_STRINGS = NO;
				SWIFT_VERSION = 5.0;
				TARGETED_DEVICE_FAMILY = "1,2";
				TEST_HOST = "$(BUILT_PRODUCTS_DIR)/Navigation.app/$(BUNDLE_EXECUTABLE_FOLDER_PATH)/Navigation";
			};
			name = Debug;
		};
		8B30D7542CA4A0FD0020CF69 /* Release */ = {
			isa = XCBuildConfiguration;
			buildSettings = {
				ALWAYS_EMBED_SWIFT_STANDARD_LIBRARIES = YES;
				CODE_SIGN_STYLE = Automatic;
				CURRENT_PROJECT_VERSION = 1;
				GENERATE_INFOPLIST_FILE = YES;
				MARKETING_VERSION = 1.0;
				PRODUCT_BUNDLE_IDENTIFIER = com.os.StorageServiceTests;
				PRODUCT_NAME = "$(TARGET_NAME)";
				SWIFT_EMIT_LOC_STRINGS = NO;
				SWIFT_VERSION = 5.0;
				TARGETED_DEVICE_FAMILY = "1,2";
				TEST_HOST = "$(BUILT_PRODUCTS_DIR)/Navigation.app/$(BUNDLE_EXECUTABLE_FOLDER_PATH)/Navigation";
			};
			name = Release;
		};
		8B811B912C691AAB00F6E398 /* Debug */ = {
			isa = XCBuildConfiguration;
			buildSettings = {
				ALWAYS_SEARCH_USER_PATHS = NO;
				ASSETCATALOG_COMPILER_GENERATE_SWIFT_ASSET_SYMBOL_EXTENSIONS = YES;
				CLANG_ANALYZER_NONNULL = YES;
				CLANG_ANALYZER_NUMBER_OBJECT_CONVERSION = YES_AGGRESSIVE;
				CLANG_CXX_LANGUAGE_STANDARD = "gnu++20";
				CLANG_ENABLE_MODULES = YES;
				CLANG_ENABLE_OBJC_ARC = YES;
				CLANG_ENABLE_OBJC_WEAK = YES;
				CLANG_WARN_BLOCK_CAPTURE_AUTORELEASING = YES;
				CLANG_WARN_BOOL_CONVERSION = YES;
				CLANG_WARN_COMMA = YES;
				CLANG_WARN_CONSTANT_CONVERSION = YES;
				CLANG_WARN_DEPRECATED_OBJC_IMPLEMENTATIONS = YES;
				CLANG_WARN_DIRECT_OBJC_ISA_USAGE = YES_ERROR;
				CLANG_WARN_DOCUMENTATION_COMMENTS = YES;
				CLANG_WARN_EMPTY_BODY = YES;
				CLANG_WARN_ENUM_CONVERSION = YES;
				CLANG_WARN_INFINITE_RECURSION = YES;
				CLANG_WARN_INT_CONVERSION = YES;
				CLANG_WARN_NON_LITERAL_NULL_CONVERSION = YES;
				CLANG_WARN_OBJC_IMPLICIT_RETAIN_SELF = YES;
				CLANG_WARN_OBJC_LITERAL_CONVERSION = YES;
				CLANG_WARN_OBJC_ROOT_CLASS = YES_ERROR;
				CLANG_WARN_QUOTED_INCLUDE_IN_FRAMEWORK_HEADER = YES;
				CLANG_WARN_RANGE_LOOP_ANALYSIS = YES;
				CLANG_WARN_STRICT_PROTOTYPES = YES;
				CLANG_WARN_SUSPICIOUS_MOVE = YES;
				CLANG_WARN_UNGUARDED_AVAILABILITY = YES_AGGRESSIVE;
				CLANG_WARN_UNREACHABLE_CODE = YES;
				CLANG_WARN__DUPLICATE_METHOD_MATCH = YES;
				COPY_PHASE_STRIP = NO;
				DEBUG_INFORMATION_FORMAT = dwarf;
				ENABLE_STRICT_OBJC_MSGSEND = YES;
				ENABLE_TESTABILITY = YES;
				ENABLE_USER_SCRIPT_SANDBOXING = YES;
				GCC_C_LANGUAGE_STANDARD = gnu17;
				GCC_DYNAMIC_NO_PIC = NO;
				GCC_NO_COMMON_BLOCKS = YES;
				GCC_OPTIMIZATION_LEVEL = 0;
				GCC_PREPROCESSOR_DEFINITIONS = (
					"DEBUG=1",
					"$(inherited)",
				);
				GCC_WARN_64_TO_32_BIT_CONVERSION = YES;
				GCC_WARN_ABOUT_RETURN_TYPE = YES_ERROR;
				GCC_WARN_UNDECLARED_SELECTOR = YES;
				GCC_WARN_UNINITIALIZED_AUTOS = YES_AGGRESSIVE;
				GCC_WARN_UNUSED_FUNCTION = YES;
				GCC_WARN_UNUSED_VARIABLE = YES;
				IPHONEOS_DEPLOYMENT_TARGET = 16.0;
				LOCALIZATION_PREFERS_STRING_CATALOGS = YES;
				MTL_ENABLE_DEBUG_INFO = INCLUDE_SOURCE;
				MTL_FAST_MATH = YES;
				ONLY_ACTIVE_ARCH = YES;
				SDKROOT = iphoneos;
				SWIFT_ACTIVE_COMPILATION_CONDITIONS = "DEBUG $(inherited)";
				SWIFT_OPTIMIZATION_LEVEL = "-Onone";
			};
			name = Debug;
		};
		8B811B922C691AAB00F6E398 /* Release */ = {
			isa = XCBuildConfiguration;
			buildSettings = {
				ALWAYS_SEARCH_USER_PATHS = NO;
				ASSETCATALOG_COMPILER_GENERATE_SWIFT_ASSET_SYMBOL_EXTENSIONS = YES;
				CLANG_ANALYZER_NONNULL = YES;
				CLANG_ANALYZER_NUMBER_OBJECT_CONVERSION = YES_AGGRESSIVE;
				CLANG_CXX_LANGUAGE_STANDARD = "gnu++20";
				CLANG_ENABLE_MODULES = YES;
				CLANG_ENABLE_OBJC_ARC = YES;
				CLANG_ENABLE_OBJC_WEAK = YES;
				CLANG_WARN_BLOCK_CAPTURE_AUTORELEASING = YES;
				CLANG_WARN_BOOL_CONVERSION = YES;
				CLANG_WARN_COMMA = YES;
				CLANG_WARN_CONSTANT_CONVERSION = YES;
				CLANG_WARN_DEPRECATED_OBJC_IMPLEMENTATIONS = YES;
				CLANG_WARN_DIRECT_OBJC_ISA_USAGE = YES_ERROR;
				CLANG_WARN_DOCUMENTATION_COMMENTS = YES;
				CLANG_WARN_EMPTY_BODY = YES;
				CLANG_WARN_ENUM_CONVERSION = YES;
				CLANG_WARN_INFINITE_RECURSION = YES;
				CLANG_WARN_INT_CONVERSION = YES;
				CLANG_WARN_NON_LITERAL_NULL_CONVERSION = YES;
				CLANG_WARN_OBJC_IMPLICIT_RETAIN_SELF = YES;
				CLANG_WARN_OBJC_LITERAL_CONVERSION = YES;
				CLANG_WARN_OBJC_ROOT_CLASS = YES_ERROR;
				CLANG_WARN_QUOTED_INCLUDE_IN_FRAMEWORK_HEADER = YES;
				CLANG_WARN_RANGE_LOOP_ANALYSIS = YES;
				CLANG_WARN_STRICT_PROTOTYPES = YES;
				CLANG_WARN_SUSPICIOUS_MOVE = YES;
				CLANG_WARN_UNGUARDED_AVAILABILITY = YES_AGGRESSIVE;
				CLANG_WARN_UNREACHABLE_CODE = YES;
				CLANG_WARN__DUPLICATE_METHOD_MATCH = YES;
				COPY_PHASE_STRIP = NO;
				DEBUG_INFORMATION_FORMAT = "dwarf-with-dsym";
				ENABLE_NS_ASSERTIONS = NO;
				ENABLE_STRICT_OBJC_MSGSEND = YES;
				ENABLE_USER_SCRIPT_SANDBOXING = YES;
				GCC_C_LANGUAGE_STANDARD = gnu17;
				GCC_NO_COMMON_BLOCKS = YES;
				GCC_WARN_64_TO_32_BIT_CONVERSION = YES;
				GCC_WARN_ABOUT_RETURN_TYPE = YES_ERROR;
				GCC_WARN_UNDECLARED_SELECTOR = YES;
				GCC_WARN_UNINITIALIZED_AUTOS = YES_AGGRESSIVE;
				GCC_WARN_UNUSED_FUNCTION = YES;
				GCC_WARN_UNUSED_VARIABLE = YES;
				IPHONEOS_DEPLOYMENT_TARGET = 16.0;
				LOCALIZATION_PREFERS_STRING_CATALOGS = YES;
				MTL_ENABLE_DEBUG_INFO = NO;
				MTL_FAST_MATH = YES;
				SDKROOT = iphoneos;
				SWIFT_COMPILATION_MODE = wholemodule;
				VALIDATE_PRODUCT = YES;
			};
			name = Release;
		};
		8B811B942C691AAB00F6E398 /* Debug */ = {
			isa = XCBuildConfiguration;
			buildSettings = {
				ALWAYS_EMBED_SWIFT_STANDARD_LIBRARIES = YES;
				ASSETCATALOG_COMPILER_APPICON_NAME = AppIcon;
				ASSETCATALOG_COMPILER_GLOBAL_ACCENT_COLOR_NAME = AccentColor;
				CODE_SIGN_STYLE = Automatic;
				CURRENT_PROJECT_VERSION = 1;
				GENERATE_INFOPLIST_FILE = YES;
				INFOPLIST_FILE = Navigation/Info.plist;
				INFOPLIST_KEY_UIApplicationSupportsIndirectInputEvents = YES;
				INFOPLIST_KEY_UILaunchStoryboardName = LaunchScreen;
				INFOPLIST_KEY_UISupportedInterfaceOrientations_iPad = "UIInterfaceOrientationPortrait UIInterfaceOrientationPortraitUpsideDown UIInterfaceOrientationLandscapeLeft UIInterfaceOrientationLandscapeRight";
				INFOPLIST_KEY_UISupportedInterfaceOrientations_iPhone = "UIInterfaceOrientationPortrait UIInterfaceOrientationLandscapeLeft UIInterfaceOrientationLandscapeRight";
				IPHONEOS_DEPLOYMENT_TARGET = 15.0;
				LD_RUNPATH_SEARCH_PATHS = (
					"$(inherited)",
					"@executable_path/Frameworks",
				);
				MARKETING_VERSION = 1.0;
				PRODUCT_BUNDLE_IDENTIFIER = com.os.Navigation;
				PRODUCT_NAME = "$(TARGET_NAME)";
				SUPPORTED_PLATFORMS = "iphoneos iphonesimulator";
				SUPPORTS_MACCATALYST = NO;
				SUPPORTS_MAC_DESIGNED_FOR_IPHONE_IPAD = NO;
				SUPPORTS_XR_DESIGNED_FOR_IPHONE_IPAD = NO;
				SWIFT_EMIT_LOC_STRINGS = YES;
				SWIFT_VERSION = 5.0;
				TARGETED_DEVICE_FAMILY = 1;
			};
			name = Debug;
		};
		8B811B952C691AAB00F6E398 /* Release */ = {
			isa = XCBuildConfiguration;
			buildSettings = {
				ALWAYS_EMBED_SWIFT_STANDARD_LIBRARIES = YES;
				ASSETCATALOG_COMPILER_APPICON_NAME = AppIcon;
				ASSETCATALOG_COMPILER_GLOBAL_ACCENT_COLOR_NAME = AccentColor;
				CODE_SIGN_STYLE = Automatic;
				CURRENT_PROJECT_VERSION = 1;
				GENERATE_INFOPLIST_FILE = YES;
				INFOPLIST_FILE = Navigation/Info.plist;
				INFOPLIST_KEY_UIApplicationSupportsIndirectInputEvents = YES;
				INFOPLIST_KEY_UILaunchStoryboardName = LaunchScreen;
				INFOPLIST_KEY_UISupportedInterfaceOrientations_iPad = "UIInterfaceOrientationPortrait UIInterfaceOrientationPortraitUpsideDown UIInterfaceOrientationLandscapeLeft UIInterfaceOrientationLandscapeRight";
				INFOPLIST_KEY_UISupportedInterfaceOrientations_iPhone = "UIInterfaceOrientationPortrait UIInterfaceOrientationLandscapeLeft UIInterfaceOrientationLandscapeRight";
				IPHONEOS_DEPLOYMENT_TARGET = 15.0;
				LD_RUNPATH_SEARCH_PATHS = (
					"$(inherited)",
					"@executable_path/Frameworks",
				);
				MARKETING_VERSION = 1.0;
				PRODUCT_BUNDLE_IDENTIFIER = com.os.Navigation;
				PRODUCT_NAME = "$(TARGET_NAME)";
				SUPPORTED_PLATFORMS = "iphoneos iphonesimulator";
				SUPPORTS_MACCATALYST = NO;
				SUPPORTS_MAC_DESIGNED_FOR_IPHONE_IPAD = NO;
				SUPPORTS_XR_DESIGNED_FOR_IPHONE_IPAD = NO;
				SWIFT_EMIT_LOC_STRINGS = YES;
				SWIFT_VERSION = 5.0;
				TARGETED_DEVICE_FAMILY = 1;
			};
			name = Release;
		};
/* End XCBuildConfiguration section */

/* Begin XCConfigurationList section */
		8B30D7552CA4A0FD0020CF69 /* Build configuration list for PBXNativeTarget "StorageService" */ = {
			isa = XCConfigurationList;
			buildConfigurations = (
				8B30D7512CA4A0FD0020CF69 /* Debug */,
				8B30D7522CA4A0FD0020CF69 /* Release */,
			);
			defaultConfigurationIsVisible = 0;
			defaultConfigurationName = Release;
		};
		8B30D7562CA4A0FD0020CF69 /* Build configuration list for PBXNativeTarget "StorageServiceTests" */ = {
			isa = XCConfigurationList;
			buildConfigurations = (
				8B30D7532CA4A0FD0020CF69 /* Debug */,
				8B30D7542CA4A0FD0020CF69 /* Release */,
			);
			defaultConfigurationIsVisible = 0;
			defaultConfigurationName = Release;
		};
		8B811B7A2C691AAA00F6E398 /* Build configuration list for PBXProject "Navigation" */ = {
			isa = XCConfigurationList;
			buildConfigurations = (
				8B811B912C691AAB00F6E398 /* Debug */,
				8B811B922C691AAB00F6E398 /* Release */,
			);
			defaultConfigurationIsVisible = 0;
			defaultConfigurationName = Release;
		};
		8B811B932C691AAB00F6E398 /* Build configuration list for PBXNativeTarget "Navigation" */ = {
			isa = XCConfigurationList;
			buildConfigurations = (
				8B811B942C691AAB00F6E398 /* Debug */,
				8B811B952C691AAB00F6E398 /* Release */,
			);
			defaultConfigurationIsVisible = 0;
			defaultConfigurationName = Release;
		};
/* End XCConfigurationList section */
	};
	rootObject = 8B811B772C691AAA00F6E398 /* Project object */;
}
