{
  "originHash" : "a7f8d3303ab7f12df4865aef063e34efc308a2e28e4b25fd238406a23e78c60d",
  "pins" : [
    {
      "identity" : "iosintpackage",
      "kind" : "remoteSourceControl",
      "location" : "https://github.com/TrueMax/iOSIntPackage",
      "state" : {
        "revision" : "78a55cb525e18e6bb05886bd5572cfa67ee7b47e",
        "version" : "2.2.0"
      }
    }
  ],
  "version" : 3
}
